
Microsoft Visual Studio Solution File, Format Version 12.00
# Visual Studio 2012
Project("{FAE04EC0-301F-11D3-BF4B-00C04F79EFBC}") = "saucerest-net", "saucerest-net.csproj", "{DB06B6D6-B69B-4C97-B9D5-AB44E590DE0A}"
EndProject
Project("{FAE04EC0-301F-11D3-BF4B-00C04F79EFBC}") = "saucerest-netTest", "saucerest-netTest\saucerest-netTest.csproj", "{684BCF53-73AD-4257-811C-F13E5B63C391}"
EndProject
Project("{2150E333-8FDC-42A3-9474-1A3956D46DE8}") = ".nuget", ".nuget", "{D8A76274-1C8E-498A-8099-33878F243BC9}"
	ProjectSection(SolutionItems) = preProject
		.nuget\packages.config = .nuget\packages.config
	EndProjectSection
EndProject
Global
	GlobalSection(SolutionConfigurationPlatforms) = preSolution
		Debug|Any CPU = Debug|Any CPU
		Release|Any CPU = Release|Any CPU
	EndGlobalSection
	GlobalSection(ProjectConfigurationPlatforms) = postSolution
		{DB06B6D6-B69B-4C97-B9D5-AB44E590DE0A}.Debug|Any CPU.ActiveCfg = Debug|Any CPU
		{DB06B6D6-B69B-4C97-B9D5-AB44E590DE0A}.Debug|Any CPU.Build.0 = Debug|Any CPU
		{DB06B6D6-B69B-4C97-B9D5-AB44E590DE0A}.Release|Any CPU.ActiveCfg = Release|Any CPU
		{DB06B6D6-B69B-4C97-B9D5-AB44E590DE0A}.Release|Any CPU.Build.0 = Release|Any CPU
		{684BCF53-73AD-4257-811C-F13E5B63C391}.Debug|Any CPU.ActiveCfg = Debug|Any CPU
		{684BCF53-73AD-4257-811C-F13E5B63C391}.Debug|Any CPU.Build.0 = Debug|Any CPU
		{684BCF53-73AD-4257-811C-F13E5B63C391}.Release|Any CPU.ActiveCfg = Release|Any CPU
		{684BCF53-73AD-4257-811C-F13E5B63C391}.Release|Any CPU.Build.0 = Release|Any CPU
	EndGlobalSection
	GlobalSection(SolutionProperties) = preSolution
		HideSolutionNode = FALSE
	EndGlobalSection
EndGlobal
